// !$*UTF8*$!
{
	archiveVersion = 1;
	classes = {
	};
	objectVersion = 50;
	objects = {

/* Begin PBXBuildFile section */
		27D09C0225C3B80C007A6235 /* AppDelegate.m in Sources */ = {isa = PBXBuildFile; fileRef = 27D09C0125C3B80C007A6235 /* AppDelegate.m */; };
		27D09C0525C3B80C007A6235 /* SceneDelegate.m in Sources */ = {isa = PBXBuildFile; fileRef = 27D09C0425C3B80C007A6235 /* SceneDelegate.m */; };
		27D09C0B25C3B80C007A6235 /* Main.storyboard in Resources */ = {isa = PBXBuildFile; fileRef = 27D09C0925C3B80C007A6235 /* Main.storyboard */; };
		27D09C0D25C3B810007A6235 /* Assets.xcassets in Resources */ = {isa = PBXBuildFile; fileRef = 27D09C0C25C3B810007A6235 /* Assets.xcassets */; };
		27D09C1025C3B810007A6235 /* LaunchScreen.storyboard in Resources */ = {isa = PBXBuildFile; fileRef = 27D09C0E25C3B810007A6235 /* LaunchScreen.storyboard */; };
		27D09C1325C3B810007A6235 /* main.m in Sources */ = {isa = PBXBuildFile; fileRef = 27D09C1225C3B810007A6235 /* main.m */; };
		27D09C1C25C3B8AC007A6235 /* BaseViewController.m in Sources */ = {isa = PBXBuildFile; fileRef = 27D09C1B25C3B8AC007A6235 /* BaseViewController.m */; };
		27D09C2025C3B9D4007A6235 /* RootViewController.m in Sources */ = {isa = PBXBuildFile; fileRef = 27D09C1F25C3B9D4007A6235 /* RootViewController.m */; };
		27DEEF6425C8FE8B008C32E3 /* BaseNavigationViewController.m in Sources */ = {isa = PBXBuildFile; fileRef = 27DEEF6325C8FE8B008C32E3 /* BaseNavigationViewController.m */; };
		27FA4110262531A900150585 /* BaseTabBarController.m in Sources */ = {isa = PBXBuildFile; fileRef = 27FA410F262531A900150585 /* BaseTabBarController.m */; };
		27FA4119262532C300150585 /* HomeViewController.m in Sources */ = {isa = PBXBuildFile; fileRef = 27FA4118262532C300150585 /* HomeViewController.m */; };
		27FA411D262532CB00150585 /* MsgViewController.m in Sources */ = {isa = PBXBuildFile; fileRef = 27FA411C262532CB00150585 /* MsgViewController.m */; };
		27FA4121262532D200150585 /* MyViewController.m in Sources */ = {isa = PBXBuildFile; fileRef = 27FA4120262532D200150585 /* MyViewController.m */; };
/* End PBXBuildFile section */

/* Begin PBXFileReference section */
		27D09BFD25C3B80C007A6235 /* 自定义ViewController 隐藏系统返回按钮.app */ = {isa = PBXFileReference; explicitFileType = wrapper.application; includeInIndex = 0; path = "自定义ViewController 隐藏系统返回按钮.app"; sourceTree = BUILT_PRODUCTS_DIR; };
		27D09C0025C3B80C007A6235 /* AppDelegate.h */ = {isa = PBXFileReference; lastKnownFileType = sourcecode.c.h; path = AppDelegate.h; sourceTree = "<group>"; };
		27D09C0125C3B80C007A6235 /* AppDelegate.m */ = {isa = PBXFileReference; lastKnownFileType = sourcecode.c.objc; path = AppDelegate.m; sourceTree = "<group>"; };
		27D09C0325C3B80C007A6235 /* SceneDelegate.h */ = {isa = PBXFileReference; lastKnownFileType = sourcecode.c.h; path = SceneDelegate.h; sourceTree = "<group>"; };
		27D09C0425C3B80C007A6235 /* SceneDelegate.m */ = {isa = PBXFileReference; lastKnownFileType = sourcecode.c.objc; path = SceneDelegate.m; sourceTree = "<group>"; };
		27D09C0A25C3B80C007A6235 /* Base */ = {isa = PBXFileReference; lastKnownFileType = file.storyboard; name = Base; path = Base.lproj/Main.storyboard; sourceTree = "<group>"; };
		27D09C0C25C3B810007A6235 /* Assets.xcassets */ = {isa = PBXFileReference; lastKnownFileType = folder.assetcatalog; path = Assets.xcassets; sourceTree = "<group>"; };
		27D09C0F25C3B810007A6235 /* Base */ = {isa = PBXFileReference; lastKnownFileType = file.storyboard; name = Base; path = Base.lproj/LaunchScreen.storyboard; sourceTree = "<group>"; };
		27D09C1125C3B810007A6235 /* Info.plist */ = {isa = PBXFileReference; lastKnownFileType = text.plist.xml; path = Info.plist; sourceTree = "<group>"; };
		27D09C1225C3B810007A6235 /* main.m */ = {isa = PBXFileReference; lastKnownFileType = sourcecode.c.objc; path = main.m; sourceTree = "<group>"; };
		27D09C1A25C3B8AC007A6235 /* BaseViewController.h */ = {isa = PBXFileReference; lastKnownFileType = sourcecode.c.h; path = BaseViewController.h; sourceTree = "<group>"; };
		27D09C1B25C3B8AC007A6235 /* BaseViewController.m */ = {isa = PBXFileReference; lastKnownFileType = sourcecode.c.objc; path = BaseViewController.m; sourceTree = "<group>"; };
		27D09C1E25C3B9D4007A6235 /* RootViewController.h */ = {isa = PBXFileReference; lastKnownFileType = sourcecode.c.h; path = RootViewController.h; sourceTree = "<group>"; };
		27D09C1F25C3B9D4007A6235 /* RootViewController.m */ = {isa = PBXFileReference; lastKnownFileType = sourcecode.c.objc; path = RootViewController.m; sourceTree = "<group>"; };
		27DEEF6225C8FE8B008C32E3 /* BaseNavigationViewController.h */ = {isa = PBXFileReference; lastKnownFileType = sourcecode.c.h; path = BaseNavigationViewController.h; sourceTree = "<group>"; };
		27DEEF6325C8FE8B008C32E3 /* BaseNavigationViewController.m */ = {isa = PBXFileReference; lastKnownFileType = sourcecode.c.objc; path = BaseNavigationViewController.m; sourceTree = "<group>"; };
		27FA410E262531A900150585 /* BaseTabBarController.h */ = {isa = PBXFileReference; lastKnownFileType = sourcecode.c.h; path = BaseTabBarController.h; sourceTree = "<group>"; };
		27FA410F262531A900150585 /* BaseTabBarController.m */ = {isa = PBXFileReference; lastKnownFileType = sourcecode.c.objc; path = BaseTabBarController.m; sourceTree = "<group>"; };
		27FA4117262532C300150585 /* HomeViewController.h */ = {isa = PBXFileReference; lastKnownFileType = sourcecode.c.h; path = HomeViewController.h; sourceTree = "<group>"; };
		27FA4118262532C300150585 /* HomeViewController.m */ = {isa = PBXFileReference; lastKnownFileType = sourcecode.c.objc; path = HomeViewController.m; sourceTree = "<group>"; };
		27FA411B262532CB00150585 /* MsgViewController.h */ = {isa = PBXFileReference; lastKnownFileType = sourcecode.c.h; path = MsgViewController.h; sourceTree = "<group>"; };
		27FA411C262532CB00150585 /* MsgViewController.m */ = {isa = PBXFileReference; lastKnownFileType = sourcecode.c.objc; path = MsgViewController.m; sourceTree = "<group>"; };
		27FA411F262532D200150585 /* MyViewController.h */ = {isa = PBXFileReference; lastKnownFileType = sourcecode.c.h; path = MyViewController.h; sourceTree = "<group>"; };
		27FA4120262532D200150585 /* MyViewController.m */ = {isa = PBXFileReference; lastKnownFileType = sourcecode.c.objc; path = MyViewController.m; sourceTree = "<group>"; };
/* End PBXFileReference section */

/* Begin PBXFrameworksBuildPhase section */
		27D09BFA25C3B80C007A6235 /* Frameworks */ = {
			isa = PBXFrameworksBuildPhase;
			buildActionMask = 2147483647;
			files = (
			);
			runOnlyForDeploymentPostprocessing = 0;
		};
/* End PBXFrameworksBuildPhase section */

/* Begin PBXGroup section */
		27D09BF425C3B80C007A6235 = {
			isa = PBXGroup;
			children = (
				27D09BFF25C3B80C007A6235 /* 自定义ViewController 隐藏系统返回按钮 */,
				27D09BFE25C3B80C007A6235 /* Products */,
			);
			sourceTree = "<group>";
		};
		27D09BFE25C3B80C007A6235 /* Products */ = {
			isa = PBXGroup;
			children = (
				27D09BFD25C3B80C007A6235 /* 自定义ViewController 隐藏系统返回按钮.app */,
			);
			name = Products;
			sourceTree = "<group>";
		};
		27D09BFF25C3B80C007A6235 /* 自定义ViewController 隐藏系统返回按钮 */ = {
			isa = PBXGroup;
			children = (
				27FA41132625324700150585 /* ViewControllers */,
				27FA41122625322700150585 /* BaseViewController */,
				27D09C0025C3B80C007A6235 /* AppDelegate.h */,
				27D09C0125C3B80C007A6235 /* AppDelegate.m */,
				27D09C0325C3B80C007A6235 /* SceneDelegate.h */,
				27D09C0425C3B80C007A6235 /* SceneDelegate.m */,
				27D09C0925C3B80C007A6235 /* Main.storyboard */,
				27D09C0C25C3B810007A6235 /* Assets.xcassets */,
				27D09C0E25C3B810007A6235 /* LaunchScreen.storyboard */,
				27D09C1125C3B810007A6235 /* Info.plist */,
				27D09C1225C3B810007A6235 /* main.m */,
			);
			path = "自定义ViewController 隐藏系统返回按钮";
			sourceTree = "<group>";
		};
		27FA41122625322700150585 /* BaseViewController */ = {
			isa = PBXGroup;
			children = (
				27D09C1A25C3B8AC007A6235 /* BaseViewController.h */,
				27D09C1B25C3B8AC007A6235 /* BaseViewController.m */,
				27DEEF6225C8FE8B008C32E3 /* BaseNavigationViewController.h */,
				27DEEF6325C8FE8B008C32E3 /* BaseNavigationViewController.m */,
				27FA410E262531A900150585 /* BaseTabBarController.h */,
				27FA410F262531A900150585 /* BaseTabBarController.m */,
			);
			path = BaseViewController;
			sourceTree = "<group>";
		};
		27FA41132625324700150585 /* ViewControllers */ = {
			isa = PBXGroup;
			children = (
				27FA41152625329100150585 /* RootViews */,
				27FA4117262532C300150585 /* HomeViewController.h */,
				27FA4118262532C300150585 /* HomeViewController.m */,
				27FA411B262532CB00150585 /* MsgViewController.h */,
				27FA411C262532CB00150585 /* MsgViewController.m */,
				27FA411F262532D200150585 /* MyViewController.h */,
				27FA4120262532D200150585 /* MyViewController.m */,
			);
			path = ViewControllers;
			sourceTree = "<group>";
		};
		27FA41152625329100150585 /* RootViews */ = {
			isa = PBXGroup;
			children = (
				27D09C1E25C3B9D4007A6235 /* RootViewController.h */,
				27D09C1F25C3B9D4007A6235 /* RootViewController.m */,
			);
			path = RootViews;
			sourceTree = "<group>";
		};
/* End PBXGroup section */

/* Begin PBXNativeTarget section */
		27D09BFC25C3B80C007A6235 /* 自定义ViewController 隐藏系统返回按钮 */ = {
			isa = PBXNativeTarget;
			buildConfigurationList = 27D09C1625C3B810007A6235 /* Build configuration list for PBXNativeTarget "自定义ViewController 隐藏系统返回按钮" */;
			buildPhases = (
				27D09BF925C3B80C007A6235 /* Sources */,
				27D09BFA25C3B80C007A6235 /* Frameworks */,
				27D09BFB25C3B80C007A6235 /* Resources */,
			);
			buildRules = (
			);
			dependencies = (
			);
			name = "自定义ViewController 隐藏系统返回按钮";
			productName = "自定义ViewController 隐藏系统返回按钮";
			productReference = 27D09BFD25C3B80C007A6235 /* 自定义ViewController 隐藏系统返回按钮.app */;
			productType = "com.apple.product-type.application";
		};
/* End PBXNativeTarget section */

/* Begin PBXProject section */
		27D09BF525C3B80C007A6235 /* Project object */ = {
			isa = PBXProject;
			attributes = {
				LastUpgradeCheck = 1230;
				TargetAttributes = {
					27D09BFC25C3B80C007A6235 = {
						CreatedOnToolsVersion = 12.3;
					};
				};
			};
			buildConfigurationList = 27D09BF825C3B80C007A6235 /* Build configuration list for PBXProject "自定义ViewController 隐藏系统返回按钮" */;
			compatibilityVersion = "Xcode 9.3";
			developmentRegion = en;
			hasScannedForEncodings = 0;
			knownRegions = (
				en,
				Base,
			);
			mainGroup = 27D09BF425C3B80C007A6235;
			productRefGroup = 27D09BFE25C3B80C007A6235 /* Products */;
			projectDirPath = "";
			projectRoot = "";
			targets = (
				27D09BFC25C3B80C007A6235 /* 自定义ViewController 隐藏系统返回按钮 */,
			);
		};
/* End PBXProject section */

/* Begin PBXResourcesBuildPhase section */
		27D09BFB25C3B80C007A6235 /* Resources */ = {
			isa = PBXResourcesBuildPhase;
			buildActionMask = 2147483647;
			files = (
				27D09C1025C3B810007A6235 /* LaunchScreen.storyboard in Resources */,
				27D09C0D25C3B810007A6235 /* Assets.xcassets in Resources */,
				27D09C0B25C3B80C007A6235 /* Main.storyboard in Resources */,
			);
			runOnlyForDeploymentPostprocessing = 0;
		};
/* End PBXResourcesBuildPhase section */

/* Begin PBXSourcesBuildPhase section */
		27D09BF925C3B80C007A6235 /* Sources */ = {
			isa = PBXSourcesBuildPhase;
			buildActionMask = 2147483647;
			files = (
				27D09C1C25C3B8AC007A6235 /* BaseViewController.m in Sources */,
				27DEEF6425C8FE8B008C32E3 /* BaseNavigationViewController.m in Sources */,
				27D09C2025C3B9D4007A6235 /* RootViewController.m in Sources */,
				27FA4110262531A900150585 /* BaseTabBarController.m in Sources */,
				27FA4121262532D200150585 /* MyViewController.m in Sources */,
				27D09C0225C3B80C007A6235 /* AppDelegate.m in Sources */,
				27D09C1325C3B810007A6235 /* main.m in Sources */,
				27FA411D262532CB00150585 /* MsgViewController.m in Sources */,
				27D09C0525C3B80C007A6235 /* SceneDelegate.m in Sources */,
				27FA4119262532C300150585 /* HomeViewController.m in Sources */,
			);
			runOnlyForDeploymentPostprocessing = 0;
		};
/* End PBXSourcesBuildPhase section */

/* Begin PBXVariantGroup section */
		27D09C0925C3B80C007A6235 /* Main.storyboard */ = {
			isa = PBXVariantGroup;
			children = (
				27D09C0A25C3B80C007A6235 /* Base */,
			);
			name = Main.storyboard;
			sourceTree = "<group>";
		};
		27D09C0E25C3B810007A6235 /* LaunchScreen.storyboard */ = {
			isa = PBXVariantGroup;
			children = (
				27D09C0F25C3B810007A6235 /* Base */,
			);
			name = LaunchScreen.storyboard;
			sourceTree = "<group>";
		};
/* End PBXVariantGroup section */

/* Begin XCBuildConfiguration section */
		27D09C1425C3B810007A6235 /* Debug */ = {
			isa = XCBuildConfiguration;
			buildSettings = {
				ALWAYS_SEARCH_USER_PATHS = NO;
				CLANG_ANALYZER_NONNULL = YES;
				CLANG_ANALYZER_NUMBER_OBJECT_CONVERSION = YES_AGGRESSIVE;
				CLANG_CXX_LANGUAGE_STANDARD = "gnu++14";
				CLANG_CXX_LIBRARY = "libc++";
				CLANG_ENABLE_MODULES = YES;
				CLANG_ENABLE_OBJC_ARC = YES;
				CLANG_ENABLE_OBJC_WEAK = YES;
				CLANG_WARN_BLOCK_CAPTURE_AUTORELEASING = YES;
				CLANG_WARN_BOOL_CONVERSION = YES;
				CLANG_WARN_COMMA = YES;
				CLANG_WARN_CONSTANT_CONVERSION = YES;
				CLANG_WARN_DEPRECATED_OBJC_IMPLEMENTATIONS = YES;
				CLANG_WARN_DIRECT_OBJC_ISA_USAGE = YES_ERROR;
				CLANG_WARN_DOCUMENTATION_COMMENTS = YES;
				CLANG_WARN_EMPTY_BODY = YES;
				CLANG_WARN_ENUM_CONVERSION = YES;
				CLANG_WARN_INFINITE_RECURSION = YES;
				CLANG_WARN_INT_CONVERSION = YES;
				CLANG_WARN_NON_LITERAL_NULL_CONVERSION = YES;
				CLANG_WARN_OBJC_IMPLICIT_RETAIN_SELF = YES;
				CLANG_WARN_OBJC_LITERAL_CONVERSION = YES;
				CLANG_WARN_OBJC_ROOT_CLASS = YES_ERROR;
				CLANG_WARN_QUOTED_INCLUDE_IN_FRAMEWORK_HEADER = YES;
				CLANG_WARN_RANGE_LOOP_ANALYSIS = YES;
				CLANG_WARN_STRICT_PROTOTYPES = YES;
				CLANG_WARN_SUSPICIOUS_MOVE = YES;
				CLANG_WARN_UNGUARDED_AVAILABILITY = YES_AGGRESSIVE;
				CLANG_WARN_UNREACHABLE_CODE = YES;
				CLANG_WARN__DUPLICATE_METHOD_MATCH = YES;
				COPY_PHASE_STRIP = NO;
				DEBUG_INFORMATION_FORMAT = dwarf;
				ENABLE_STRICT_OBJC_MSGSEND = YES;
				ENABLE_TESTABILITY = YES;
				GCC_C_LANGUAGE_STANDARD = gnu11;
				GCC_DYNAMIC_NO_PIC = NO;
				GCC_NO_COMMON_BLOCKS = YES;
				GCC_OPTIMIZATION_LEVEL = 0;
				GCC_PREPROCESSOR_DEFINITIONS = (
					"DEBUG=1",
					"$(inherited)",
				);
				GCC_WARN_64_TO_32_BIT_CONVERSION = YES;
				GCC_WARN_ABOUT_RETURN_TYPE = YES_ERROR;
				GCC_WARN_UNDECLARED_SELECTOR = YES;
				GCC_WARN_UNINITIALIZED_AUTOS = YES_AGGRESSIVE;
				GCC_WARN_UNUSED_FUNCTION = YES;
				GCC_WARN_UNUSED_VARIABLE = YES;
				IPHONEOS_DEPLOYMENT_TARGET = 14.3;
				MTL_ENABLE_DEBUG_INFO = INCLUDE_SOURCE;
				MTL_FAST_MATH = YES;
				ONLY_ACTIVE_ARCH = YES;
				SDKROOT = iphoneos;
			};
			name = Debug;
		};
		27D09C1525C3B810007A6235 /* Release */ = {
			isa = XCBuildConfiguration;
			buildSettings = {
				ALWAYS_SEARCH_USER_PATHS = NO;
				CLANG_ANALYZER_NONNULL = YES;
				CLANG_ANALYZER_NUMBER_OBJECT_CONVERSION = YES_AGGRESSIVE;
				CLANG_CXX_LANGUAGE_STANDARD = "gnu++14";
				CLANG_CXX_LIBRARY = "libc++";
				CLANG_ENABLE_MODULES = YES;
				CLANG_ENABLE_OBJC_ARC = YES;
				CLANG_ENABLE_OBJC_WEAK = YES;
				CLANG_WARN_BLOCK_CAPTURE_AUTORELEASING = YES;
				CLANG_WARN_BOOL_CONVERSION = YES;
				CLANG_WARN_COMMA = YES;
				CLANG_WARN_CONSTANT_CONVERSION = YES;
				CLANG_WARN_DEPRECATED_OBJC_IMPLEMENTATIONS = YES;
				CLANG_WARN_DIRECT_OBJC_ISA_USAGE = YES_ERROR;
				CLANG_WARN_DOCUMENTATION_COMMENTS = YES;
				CLANG_WARN_EMPTY_BODY = YES;
				CLANG_WARN_ENUM_CONVERSION = YES;
				CLANG_WARN_INFINITE_RECURSION = YES;
				CLANG_WARN_INT_CONVERSION = YES;
				CLANG_WARN_NON_LITERAL_NULL_CONVERSION = YES;
				CLANG_WARN_OBJC_IMPLICIT_RETAIN_SELF = YES;
				CLANG_WARN_OBJC_LITERAL_CONVERSION = YES;
				CLANG_WARN_OBJC_ROOT_CLASS = YES_ERROR;
				CLANG_WARN_QUOTED_INCLUDE_IN_FRAMEWORK_HEADER = YES;
				CLANG_WARN_RANGE_LOOP_ANALYSIS = YES;
				CLANG_WARN_STRICT_PROTOTYPES = YES;
				CLANG_WARN_SUSPICIOUS_MOVE = YES;
				CLANG_WARN_UNGUARDED_AVAILABILITY = YES_AGGRESSIVE;
				CLANG_WARN_UNREACHABLE_CODE = YES;
				CLANG_WARN__DUPLICATE_METHOD_MATCH = YES;
				COPY_PHASE_STRIP = NO;
				DEBUG_INFORMATION_FORMAT = "dwarf-with-dsym";
				ENABLE_NS_ASSERTIONS = NO;
				ENABLE_STRICT_OBJC_MSGSEND = YES;
				GCC_C_LANGUAGE_STANDARD = gnu11;
				GCC_NO_COMMON_BLOCKS = YES;
				GCC_WARN_64_TO_32_BIT_CONVERSION = YES;
				GCC_WARN_ABOUT_RETURN_TYPE = YES_ERROR;
				GCC_WARN_UNDECLARED_SELECTOR = YES;
				GCC_WARN_UNINITIALIZED_AUTOS = YES_AGGRESSIVE;
				GCC_WARN_UNUSED_FUNCTION = YES;
				GCC_WARN_UNUSED_VARIABLE = YES;
				IPHONEOS_DEPLOYMENT_TARGET = 14.3;
				MTL_ENABLE_DEBUG_INFO = NO;
				MTL_FAST_MATH = YES;
				SDKROOT = iphoneos;
				VALIDATE_PRODUCT = YES;
			};
			name = Release;
		};
		27D09C1725C3B810007A6235 /* Debug */ = {
			isa = XCBuildConfiguration;
			buildSettings = {
				ASSETCATALOG_COMPILER_APPICON_NAME = AppIcon;
				ASSETCATALOG_COMPILER_GLOBAL_ACCENT_COLOR_NAME = AccentColor;
				CODE_SIGN_STYLE = Automatic;
				DEVELOPMENT_TEAM = MLJA65Q2JF;
				INFOPLIST_FILE = "自定义ViewController 隐藏系统返回按钮/Info.plist";
				LD_RUNPATH_SEARCH_PATHS = (
					"$(inherited)",
					"@executable_path/Frameworks",
				);
				PRODUCT_BUNDLE_IDENTIFIER = "huangxin.---ViewController---------";
				PRODUCT_NAME = "$(TARGET_NAME)";
				TARGETED_DEVICE_FAMILY = "1,2";
			};
			name = Debug;
		};
		27D09C1825C3B810007A6235 /* Release */ = {
			isa = XCBuildConfiguration;
			buildSettings = {
				ASSETCATALOG_COMPILER_APPICON_NAME = AppIcon;
				ASSETCATALOG_COMPILER_GLOBAL_ACCENT_COLOR_NAME = AccentColor;
				CODE_SIGN_STYLE = Automatic;
				DEVELOPMENT_TEAM = MLJA65Q2JF;
				INFOPLIST_FILE = "自定义ViewController 隐藏系统返回按钮/Info.plist";
				LD_RUNPATH_SEARCH_PATHS = (
					"$(inherited)",
					"@executable_path/Frameworks",
				);
				PRODUCT_BUNDLE_IDENTIFIER = "huangxin.---ViewController---------";
				PRODUCT_NAME = "$(TARGET_NAME)";
				TARGETED_DEVICE_FAMILY = "1,2";
			};
			name = Release;
		};
/* End XCBuildConfiguration section */

/* Begin XCConfigurationList section */
		27D09BF825C3B80C007A6235 /* Build configuration list for PBXProject "自定义ViewController 隐藏系统返回按钮" */ = {
			isa = XCConfigurationList;
			buildConfigurations = (
				27D09C1425C3B810007A6235 /* Debug */,
				27D09C1525C3B810007A6235 /* Release */,
			);
			defaultConfigurationIsVisible = 0;
			defaultConfigurationName = Release;
		};
		27D09C1625C3B810007A6235 /* Build configuration list for PBXNativeTarget "自定义ViewController 隐藏系统返回按钮" */ = {
			isa = XCConfigurationList;
			buildConfigurations = (
				27D09C1725C3B810007A6235 /* Debug */,
				27D09C1825C3B810007A6235 /* Release */,
			);
			defaultConfigurationIsVisible = 0;
			defaultConfigurationName = Release;
		};
/* End XCConfigurationList section */
	};
	rootObject = 27D09BF525C3B80C007A6235 /* Project object */;
}
